// !$*UTF8*$!
{
	archiveVersion = 1;
	classes = {
	};
	objectVersion = 52;
	objects = {

/* Begin PBXBuildFile section */
		4520E72826F360DB002F2553 /* DynamicNode.swift in Sources */ = {isa = PBXBuildFile; fileRef = 4520E72726F360DB002F2553 /* DynamicNode.swift */; };
		454FDE1026E8D94900215D2C /* PredatorNode.swift in Sources */ = {isa = PBXBuildFile; fileRef = 454FDE0F26E8D94900215D2C /* PredatorNode.swift */; };
		454FDE1326E8EEA700215D2C /* WallNode.swift in Sources */ = {isa = PBXBuildFile; fileRef = 454FDE1226E8EEA700215D2C /* WallNode.swift */; };
		457FEA5A26E3763200157AC4 /* AppDelegate.swift in Sources */ = {isa = PBXBuildFile; fileRef = 457FEA5926E3763200157AC4 /* AppDelegate.swift */; };
		457FEA5C26E3763200157AC4 /* GameScene.sks in Resources */ = {isa = PBXBuildFile; fileRef = 457FEA5B26E3763200157AC4 /* GameScene.sks */; };
		457FEA6026E3763200157AC4 /* GameScene.swift in Sources */ = {isa = PBXBuildFile; fileRef = 457FEA5F26E3763200157AC4 /* GameScene.swift */; };
		457FEA6226E3763200157AC4 /* ViewController.swift in Sources */ = {isa = PBXBuildFile; fileRef = 457FEA6126E3763200157AC4 /* ViewController.swift */; };
		457FEA6426E3763300157AC4 /* Assets.xcassets in Resources */ = {isa = PBXBuildFile; fileRef = 457FEA6326E3763300157AC4 /* Assets.xcassets */; };
		457FEA6726E3763300157AC4 /* Main.storyboard in Resources */ = {isa = PBXBuildFile; fileRef = 457FEA6526E3763300157AC4 /* Main.storyboard */; };
		45F3E1EF26E4B3D700EB9779 /* FishNode.swift in Sources */ = {isa = PBXBuildFile; fileRef = 45F3E1EE26E4B3D700EB9779 /* FishNode.swift */; };
		45F3E1FD26E4B4CE00EB9779 /* SKColor+Extensions.swift in Sources */ = {isa = PBXBuildFile; fileRef = 45F3E1F126E4B4CE00EB9779 /* SKColor+Extensions.swift */; };
		45F3E1FE26E4B4CE00EB9779 /* CGVector+Extensions.swift in Sources */ = {isa = PBXBuildFile; fileRef = 45F3E1F226E4B4CE00EB9779 /* CGVector+Extensions.swift */; };
		45F3E1FF26E4B4CE00EB9779 /* Int+Extensions.swift in Sources */ = {isa = PBXBuildFile; fileRef = 45F3E1F326E4B4CE00EB9779 /* Int+Extensions.swift */; };
		45F3E20026E4B4CE00EB9779 /* SKTTimingFunctions.swift in Sources */ = {isa = PBXBuildFile; fileRef = 45F3E1F426E4B4CE00EB9779 /* SKTTimingFunctions.swift */; };
		45F3E20126E4B4CE00EB9779 /* SKAction+Extensions.swift in Sources */ = {isa = PBXBuildFile; fileRef = 45F3E1F526E4B4CE00EB9779 /* SKAction+Extensions.swift */; };
		45F3E20226E4B4CE00EB9779 /* SKAction+SpecialEffects.swift in Sources */ = {isa = PBXBuildFile; fileRef = 45F3E1F626E4B4CE00EB9779 /* SKAction+SpecialEffects.swift */; };
		45F3E20326E4B4CE00EB9779 /* SKNode+Extensions.swift in Sources */ = {isa = PBXBuildFile; fileRef = 45F3E1F726E4B4CE00EB9779 /* SKNode+Extensions.swift */; };
		45F3E20426E4B4CE00EB9779 /* CGPoint+Extensions.swift in Sources */ = {isa = PBXBuildFile; fileRef = 45F3E1F826E4B4CE00EB9779 /* CGPoint+Extensions.swift */; };
		45F3E20526E4B4CE00EB9779 /* SKTEffects.swift in Sources */ = {isa = PBXBuildFile; fileRef = 45F3E1F926E4B4CE00EB9779 /* SKTEffects.swift */; };
		45F3E20626E4B4CE00EB9779 /* SKTAudio.swift in Sources */ = {isa = PBXBuildFile; fileRef = 45F3E1FA26E4B4CE00EB9779 /* SKTAudio.swift */; };
		45F3E20726E4B4CE00EB9779 /* Vector3.swift in Sources */ = {isa = PBXBuildFile; fileRef = 45F3E1FB26E4B4CE00EB9779 /* Vector3.swift */; };
		45F3E20826E4B4CE00EB9779 /* CGFloat+Extensions.swift in Sources */ = {isa = PBXBuildFile; fileRef = 45F3E1FC26E4B4CE00EB9779 /* CGFloat+Extensions.swift */; };
		45F3E20B26E4B87F00EB9779 /* Then in Frameworks */ = {isa = PBXBuildFile; productRef = 45F3E20A26E4B87F00EB9779 /* Then */; };
		45F3E20F26E4E96400EB9779 /* Int+Custom+Extensions.swift in Sources */ = {isa = PBXBuildFile; fileRef = 45F3E20E26E4E96400EB9779 /* Int+Custom+Extensions.swift */; };
/* End PBXBuildFile section */

/* Begin PBXFileReference section */
		4520E72726F360DB002F2553 /* DynamicNode.swift */ = {isa = PBXFileReference; lastKnownFileType = sourcecode.swift; path = DynamicNode.swift; sourceTree = "<group>"; };
		454FDE0F26E8D94900215D2C /* PredatorNode.swift */ = {isa = PBXFileReference; lastKnownFileType = sourcecode.swift; path = PredatorNode.swift; sourceTree = "<group>"; };
		454FDE1226E8EEA700215D2C /* WallNode.swift */ = {isa = PBXFileReference; lastKnownFileType = sourcecode.swift; path = WallNode.swift; sourceTree = "<group>"; };
		457FEA5626E3763200157AC4 /* Flocking.app */ = {isa = PBXFileReference; explicitFileType = wrapper.application; includeInIndex = 0; path = Flocking.app; sourceTree = BUILT_PRODUCTS_DIR; };
		457FEA5926E3763200157AC4 /* AppDelegate.swift */ = {isa = PBXFileReference; lastKnownFileType = sourcecode.swift; path = AppDelegate.swift; sourceTree = "<group>"; };
		457FEA5B26E3763200157AC4 /* GameScene.sks */ = {isa = PBXFileReference; lastKnownFileType = file.sks; path = GameScene.sks; sourceTree = "<group>"; };
		457FEA5F26E3763200157AC4 /* GameScene.swift */ = {isa = PBXFileReference; lastKnownFileType = sourcecode.swift; path = GameScene.swift; sourceTree = "<group>"; };
		457FEA6126E3763200157AC4 /* ViewController.swift */ = {isa = PBXFileReference; lastKnownFileType = sourcecode.swift; path = ViewController.swift; sourceTree = "<group>"; };
		457FEA6326E3763300157AC4 /* Assets.xcassets */ = {isa = PBXFileReference; lastKnownFileType = folder.assetcatalog; path = Assets.xcassets; sourceTree = "<group>"; };
		457FEA6626E3763300157AC4 /* Base */ = {isa = PBXFileReference; lastKnownFileType = file.storyboard; name = Base; path = Base.lproj/Main.storyboard; sourceTree = "<group>"; };
		457FEA6826E3763300157AC4 /* Info.plist */ = {isa = PBXFileReference; lastKnownFileType = text.plist.xml; path = Info.plist; sourceTree = "<group>"; };
		457FEA6926E3763300157AC4 /* Flocking.entitlements */ = {isa = PBXFileReference; lastKnownFileType = text.plist.entitlements; path = Flocking.entitlements; sourceTree = "<group>"; };
		45F3E1EE26E4B3D700EB9779 /* FishNode.swift */ = {isa = PBXFileReference; lastKnownFileType = sourcecode.swift; path = FishNode.swift; sourceTree = "<group>"; };
		45F3E1F126E4B4CE00EB9779 /* SKColor+Extensions.swift */ = {isa = PBXFileReference; fileEncoding = 4; lastKnownFileType = sourcecode.swift; path = "SKColor+Extensions.swift"; sourceTree = "<group>"; };
		45F3E1F226E4B4CE00EB9779 /* CGVector+Extensions.swift */ = {isa = PBXFileReference; fileEncoding = 4; lastKnownFileType = sourcecode.swift; path = "CGVector+Extensions.swift"; sourceTree = "<group>"; };
		45F3E1F326E4B4CE00EB9779 /* Int+Extensions.swift */ = {isa = PBXFileReference; fileEncoding = 4; lastKnownFileType = sourcecode.swift; path = "Int+Extensions.swift"; sourceTree = "<group>"; };
		45F3E1F426E4B4CE00EB9779 /* SKTTimingFunctions.swift */ = {isa = PBXFileReference; fileEncoding = 4; lastKnownFileType = sourcecode.swift; path = SKTTimingFunctions.swift; sourceTree = "<group>"; };
		45F3E1F526E4B4CE00EB9779 /* SKAction+Extensions.swift */ = {isa = PBXFileReference; fileEncoding = 4; lastKnownFileType = sourcecode.swift; path = "SKAction+Extensions.swift"; sourceTree = "<group>"; };
		45F3E1F626E4B4CE00EB9779 /* SKAction+SpecialEffects.swift */ = {isa = PBXFileReference; fileEncoding = 4; lastKnownFileType = sourcecode.swift; path = "SKAction+SpecialEffects.swift"; sourceTree = "<group>"; };
		45F3E1F726E4B4CE00EB9779 /* SKNode+Extensions.swift */ = {isa = PBXFileReference; fileEncoding = 4; lastKnownFileType = sourcecode.swift; path = "SKNode+Extensions.swift"; sourceTree = "<group>"; };
		45F3E1F826E4B4CE00EB9779 /* CGPoint+Extensions.swift */ = {isa = PBXFileReference; fileEncoding = 4; lastKnownFileType = sourcecode.swift; path = "CGPoint+Extensions.swift"; sourceTree = "<group>"; };
		45F3E1F926E4B4CE00EB9779 /* SKTEffects.swift */ = {isa = PBXFileReference; fileEncoding = 4; lastKnownFileType = sourcecode.swift; path = SKTEffects.swift; sourceTree = "<group>"; };
		45F3E1FA26E4B4CE00EB9779 /* SKTAudio.swift */ = {isa = PBXFileReference; fileEncoding = 4; lastKnownFileType = sourcecode.swift; path = SKTAudio.swift; sourceTree = "<group>"; };
		45F3E1FB26E4B4CE00EB9779 /* Vector3.swift */ = {isa = PBXFileReference; fileEncoding = 4; lastKnownFileType = sourcecode.swift; path = Vector3.swift; sourceTree = "<group>"; };
		45F3E1FC26E4B4CE00EB9779 /* CGFloat+Extensions.swift */ = {isa = PBXFileReference; fileEncoding = 4; lastKnownFileType = sourcecode.swift; path = "CGFloat+Extensions.swift"; sourceTree = "<group>"; };
		45F3E20E26E4E96400EB9779 /* Int+Custom+Extensions.swift */ = {isa = PBXFileReference; lastKnownFileType = sourcecode.swift; path = "Int+Custom+Extensions.swift"; sourceTree = "<group>"; };
/* End PBXFileReference section */

/* Begin PBXFrameworksBuildPhase section */
		457FEA5326E3763200157AC4 /* Frameworks */ = {
			isa = PBXFrameworksBuildPhase;
			buildActionMask = 2147483647;
			files = (
				45F3E20B26E4B87F00EB9779 /* Then in Frameworks */,
			);
			runOnlyForDeploymentPostprocessing = 0;
		};
/* End PBXFrameworksBuildPhase section */

/* Begin PBXGroup section */
		454FDE1126E8D95400215D2C /* Nodes */ = {
			isa = PBXGroup;
			children = (
				45F3E1EE26E4B3D700EB9779 /* FishNode.swift */,
				454FDE0F26E8D94900215D2C /* PredatorNode.swift */,
				454FDE1226E8EEA700215D2C /* WallNode.swift */,
				4520E72726F360DB002F2553 /* DynamicNode.swift */,
			);
			path = Nodes;
			sourceTree = "<group>";
		};
		457FEA4D26E3763200157AC4 = {
			isa = PBXGroup;
			children = (
				457FEA5826E3763200157AC4 /* Flocking */,
				457FEA5726E3763200157AC4 /* Products */,
			);
			sourceTree = "<group>";
		};
		457FEA5726E3763200157AC4 /* Products */ = {
			isa = PBXGroup;
			children = (
				457FEA5626E3763200157AC4 /* Flocking.app */,
			);
			name = Products;
			sourceTree = "<group>";
		};
		457FEA5826E3763200157AC4 /* Flocking */ = {
			isa = PBXGroup;
			children = (
				454FDE1126E8D95400215D2C /* Nodes */,
				45F3E1F026E4B4CE00EB9779 /* SKTUtils */,
				45F3E20E26E4E96400EB9779 /* Int+Custom+Extensions.swift */,
				457FEA5926E3763200157AC4 /* AppDelegate.swift */,
				457FEA5B26E3763200157AC4 /* GameScene.sks */,
				457FEA5F26E3763200157AC4 /* GameScene.swift */,
				457FEA6126E3763200157AC4 /* ViewController.swift */,
				457FEA6326E3763300157AC4 /* Assets.xcassets */,
				457FEA6526E3763300157AC4 /* Main.storyboard */,
				457FEA6826E3763300157AC4 /* Info.plist */,
				457FEA6926E3763300157AC4 /* Flocking.entitlements */,
			);
			path = Flocking;
			sourceTree = "<group>";
		};
		45F3E1F026E4B4CE00EB9779 /* SKTUtils */ = {
			isa = PBXGroup;
			children = (
				45F3E1F126E4B4CE00EB9779 /* SKColor+Extensions.swift */,
				45F3E1F226E4B4CE00EB9779 /* CGVector+Extensions.swift */,
				45F3E1F326E4B4CE00EB9779 /* Int+Extensions.swift */,
				45F3E1F426E4B4CE00EB9779 /* SKTTimingFunctions.swift */,
				45F3E1F526E4B4CE00EB9779 /* SKAction+Extensions.swift */,
				45F3E1F626E4B4CE00EB9779 /* SKAction+SpecialEffects.swift */,
				45F3E1F726E4B4CE00EB9779 /* SKNode+Extensions.swift */,
				45F3E1F826E4B4CE00EB9779 /* CGPoint+Extensions.swift */,
				45F3E1F926E4B4CE00EB9779 /* SKTEffects.swift */,
				45F3E1FA26E4B4CE00EB9779 /* SKTAudio.swift */,
				45F3E1FB26E4B4CE00EB9779 /* Vector3.swift */,
				45F3E1FC26E4B4CE00EB9779 /* CGFloat+Extensions.swift */,
			);
			path = SKTUtils;
			sourceTree = "<group>";
		};
/* End PBXGroup section */

/* Begin PBXNativeTarget section */
		457FEA5526E3763200157AC4 /* Flocking */ = {
			isa = PBXNativeTarget;
			buildConfigurationList = 457FEA6C26E3763300157AC4 /* Build configuration list for PBXNativeTarget "Flocking" */;
			buildPhases = (
				457FEA5226E3763200157AC4 /* Sources */,
				457FEA5326E3763200157AC4 /* Frameworks */,
				457FEA5426E3763200157AC4 /* Resources */,
			);
			buildRules = (
			);
			dependencies = (
			);
			name = Flocking;
			packageProductDependencies = (
				45F3E20A26E4B87F00EB9779 /* Then */,
			);
			productName = Flocking;
			productReference = 457FEA5626E3763200157AC4 /* Flocking.app */;
			productType = "com.apple.product-type.application";
		};
/* End PBXNativeTarget section */

/* Begin PBXProject section */
		457FEA4E26E3763200157AC4 /* Project object */ = {
			isa = PBXProject;
			attributes = {
				LastSwiftUpdateCheck = 1250;
				LastUpgradeCheck = 1250;
				TargetAttributes = {
					457FEA5526E3763200157AC4 = {
						CreatedOnToolsVersion = 12.5.1;
					};
				};
			};
			buildConfigurationList = 457FEA5126E3763200157AC4 /* Build configuration list for PBXProject "Flocking" */;
			compatibilityVersion = "Xcode 9.3";
			developmentRegion = en;
			hasScannedForEncodings = 0;
			knownRegions = (
				en,
				Base,
			);
			mainGroup = 457FEA4D26E3763200157AC4;
			packageReferences = (
				45F3E20926E4B87F00EB9779 /* XCRemoteSwiftPackageReference "Then" */,
			);
			productRefGroup = 457FEA5726E3763200157AC4 /* Products */;
			projectDirPath = "";
			projectRoot = "";
			targets = (
				457FEA5526E3763200157AC4 /* Flocking */,
			);
		};
/* End PBXProject section */

/* Begin PBXResourcesBuildPhase section */
		457FEA5426E3763200157AC4 /* Resources */ = {
			isa = PBXResourcesBuildPhase;
			buildActionMask = 2147483647;
			files = (
				457FEA5C26E3763200157AC4 /* GameScene.sks in Resources */,
				457FEA6426E3763300157AC4 /* Assets.xcassets in Resources */,
				457FEA6726E3763300157AC4 /* Main.storyboard in Resources */,
			);
			runOnlyForDeploymentPostprocessing = 0;
		};
/* End PBXResourcesBuildPhase section */

/* Begin PBXSourcesBuildPhase section */
		457FEA5226E3763200157AC4 /* Sources */ = {
			isa = PBXSourcesBuildPhase;
			buildActionMask = 2147483647;
			files = (
				45F3E20126E4B4CE00EB9779 /* SKAction+Extensions.swift in Sources */,
				45F3E1FD26E4B4CE00EB9779 /* SKColor+Extensions.swift in Sources */,
				45F3E20526E4B4CE00EB9779 /* SKTEffects.swift in Sources */,
				45F3E20F26E4E96400EB9779 /* Int+Custom+Extensions.swift in Sources */,
				45F3E1EF26E4B3D700EB9779 /* FishNode.swift in Sources */,
				45F3E1FE26E4B4CE00EB9779 /* CGVector+Extensions.swift in Sources */,
				457FEA6226E3763200157AC4 /* ViewController.swift in Sources */,
				45F3E1FF26E4B4CE00EB9779 /* Int+Extensions.swift in Sources */,
				457FEA6026E3763200157AC4 /* GameScene.swift in Sources */,
				45F3E20026E4B4CE00EB9779 /* SKTTimingFunctions.swift in Sources */,
				45F3E20326E4B4CE00EB9779 /* SKNode+Extensions.swift in Sources */,
				45F3E20226E4B4CE00EB9779 /* SKAction+SpecialEffects.swift in Sources */,
				45F3E20626E4B4CE00EB9779 /* SKTAudio.swift in Sources */,
				45F3E20426E4B4CE00EB9779 /* CGPoint+Extensions.swift in Sources */,
				454FDE1326E8EEA700215D2C /* WallNode.swift in Sources */,
				4520E72826F360DB002F2553 /* DynamicNode.swift in Sources */,
				45F3E20726E4B4CE00EB9779 /* Vector3.swift in Sources */,
				45F3E20826E4B4CE00EB9779 /* CGFloat+Extensions.swift in Sources */,
				454FDE1026E8D94900215D2C /* PredatorNode.swift in Sources */,
				457FEA5A26E3763200157AC4 /* AppDelegate.swift in Sources */,
			);
			runOnlyForDeploymentPostprocessing = 0;
		};
/* End PBXSourcesBuildPhase section */

/* Begin PBXVariantGroup section */
		457FEA6526E3763300157AC4 /* Main.storyboard */ = {
			isa = PBXVariantGroup;
			children = (
				457FEA6626E3763300157AC4 /* Base */,
			);
			name = Main.storyboard;
			sourceTree = "<group>";
		};
/* End PBXVariantGroup section */

/* Begin XCBuildConfiguration section */
		457FEA6A26E3763300157AC4 /* Debug */ = {
			isa = XCBuildConfiguration;
			buildSettings = {
				ALWAYS_SEARCH_USER_PATHS = NO;
				CLANG_ANALYZER_NONNULL = YES;
				CLANG_ANALYZER_NUMBER_OBJECT_CONVERSION = YES_AGGRESSIVE;
				CLANG_CXX_LANGUAGE_STANDARD = "gnu++14";
				CLANG_CXX_LIBRARY = "libc++";
				CLANG_ENABLE_MODULES = YES;
				CLANG_ENABLE_OBJC_ARC = YES;
				CLANG_ENABLE_OBJC_WEAK = YES;
				CLANG_WARN_BLOCK_CAPTURE_AUTORELEASING = YES;
				CLANG_WARN_BOOL_CONVERSION = YES;
				CLANG_WARN_COMMA = YES;
				CLANG_WARN_CONSTANT_CONVERSION = YES;
				CLANG_WARN_DEPRECATED_OBJC_IMPLEMENTATIONS = YES;
				CLANG_WARN_DIRECT_OBJC_ISA_USAGE = YES_ERROR;
				CLANG_WARN_DOCUMENTATION_COMMENTS = YES;
				CLANG_WARN_EMPTY_BODY = YES;
				CLANG_WARN_ENUM_CONVERSION = YES;
				CLANG_WARN_INFINITE_RECURSION = YES;
				CLANG_WARN_INT_CONVERSION = YES;
				CLANG_WARN_NON_LITERAL_NULL_CONVERSION = YES;
				CLANG_WARN_OBJC_IMPLICIT_RETAIN_SELF = YES;
				CLANG_WARN_OBJC_LITERAL_CONVERSION = YES;
				CLANG_WARN_OBJC_ROOT_CLASS = YES_ERROR;
				CLANG_WARN_QUOTED_INCLUDE_IN_FRAMEWORK_HEADER = YES;
				CLANG_WARN_RANGE_LOOP_ANALYSIS = YES;
				CLANG_WARN_STRICT_PROTOTYPES = YES;
				CLANG_WARN_SUSPICIOUS_MOVE = YES;
				CLANG_WARN_UNGUARDED_AVAILABILITY = YES_AGGRESSIVE;
				CLANG_WARN_UNREACHABLE_CODE = YES;
				CLANG_WARN__DUPLICATE_METHOD_MATCH = YES;
				COPY_PHASE_STRIP = NO;
				DEBUG_INFORMATION_FORMAT = dwarf;
				ENABLE_STRICT_OBJC_MSGSEND = YES;
				ENABLE_TESTABILITY = YES;
				GCC_C_LANGUAGE_STANDARD = gnu11;
				GCC_DYNAMIC_NO_PIC = NO;
				GCC_NO_COMMON_BLOCKS = YES;
				GCC_OPTIMIZATION_LEVEL = 0;
				GCC_PREPROCESSOR_DEFINITIONS = (
					"DEBUG=1",
					"$(inherited)",
				);
				GCC_WARN_64_TO_32_BIT_CONVERSION = YES;
				GCC_WARN_ABOUT_RETURN_TYPE = YES_ERROR;
				GCC_WARN_UNDECLARED_SELECTOR = YES;
				GCC_WARN_UNINITIALIZED_AUTOS = YES_AGGRESSIVE;
				GCC_WARN_UNUSED_FUNCTION = YES;
				GCC_WARN_UNUSED_VARIABLE = YES;
				MACOSX_DEPLOYMENT_TARGET = 11.3;
				MTL_ENABLE_DEBUG_INFO = INCLUDE_SOURCE;
				MTL_FAST_MATH = YES;
				ONLY_ACTIVE_ARCH = YES;
				SDKROOT = macosx;
				SWIFT_ACTIVE_COMPILATION_CONDITIONS = DEBUG;
				SWIFT_OPTIMIZATION_LEVEL = "-Onone";
			};
			name = Debug;
		};
		457FEA6B26E3763300157AC4 /* Release */ = {
			isa = XCBuildConfiguration;
			buildSettings = {
				ALWAYS_SEARCH_USER_PATHS = NO;
				CLANG_ANALYZER_NONNULL = YES;
				CLANG_ANALYZER_NUMBER_OBJECT_CONVERSION = YES_AGGRESSIVE;
				CLANG_CXX_LANGUAGE_STANDARD = "gnu++14";
				CLANG_CXX_LIBRARY = "libc++";
				CLANG_ENABLE_MODULES = YES;
				CLANG_ENABLE_OBJC_ARC = YES;
				CLANG_ENABLE_OBJC_WEAK = YES;
				CLANG_WARN_BLOCK_CAPTURE_AUTORELEASING = YES;
				CLANG_WARN_BOOL_CONVERSION = YES;
				CLANG_WARN_COMMA = YES;
				CLANG_WARN_CONSTANT_CONVERSION = YES;
				CLANG_WARN_DEPRECATED_OBJC_IMPLEMENTATIONS = YES;
				CLANG_WARN_DIRECT_OBJC_ISA_USAGE = YES_ERROR;
				CLANG_WARN_DOCUMENTATION_COMMENTS = YES;
				CLANG_WARN_EMPTY_BODY = YES;
				CLANG_WARN_ENUM_CONVERSION = YES;
				CLANG_WARN_INFINITE_RECURSION = YES;
				CLANG_WARN_INT_CONVERSION = YES;
				CLANG_WARN_NON_LITERAL_NULL_CONVERSION = YES;
				CLANG_WARN_OBJC_IMPLICIT_RETAIN_SELF = YES;
				CLANG_WARN_OBJC_LITERAL_CONVERSION = YES;
				CLANG_WARN_OBJC_ROOT_CLASS = YES_ERROR;
				CLANG_WARN_QUOTED_INCLUDE_IN_FRAMEWORK_HEADER = YES;
				CLANG_WARN_RANGE_LOOP_ANALYSIS = YES;
				CLANG_WARN_STRICT_PROTOTYPES = YES;
				CLANG_WARN_SUSPICIOUS_MOVE = YES;
				CLANG_WARN_UNGUARDED_AVAILABILITY = YES_AGGRESSIVE;
				CLANG_WARN_UNREACHABLE_CODE = YES;
				CLANG_WARN__DUPLICATE_METHOD_MATCH = YES;
				COPY_PHASE_STRIP = NO;
				DEBUG_INFORMATION_FORMAT = "dwarf-with-dsym";
				ENABLE_NS_ASSERTIONS = NO;
				ENABLE_STRICT_OBJC_MSGSEND = YES;
				GCC_C_LANGUAGE_STANDARD = gnu11;
				GCC_NO_COMMON_BLOCKS = YES;
				GCC_WARN_64_TO_32_BIT_CONVERSION = YES;
				GCC_WARN_ABOUT_RETURN_TYPE = YES_ERROR;
				GCC_WARN_UNDECLARED_SELECTOR = YES;
				GCC_WARN_UNINITIALIZED_AUTOS = YES_AGGRESSIVE;
				GCC_WARN_UNUSED_FUNCTION = YES;
				GCC_WARN_UNUSED_VARIABLE = YES;
				MACOSX_DEPLOYMENT_TARGET = 11.3;
				MTL_ENABLE_DEBUG_INFO = NO;
				MTL_FAST_MATH = YES;
				SDKROOT = macosx;
				SWIFT_COMPILATION_MODE = wholemodule;
				SWIFT_OPTIMIZATION_LEVEL = "-O";
			};
			name = Release;
		};
		457FEA6D26E3763300157AC4 /* Debug */ = {
			isa = XCBuildConfiguration;
			buildSettings = {
				ASSETCATALOG_COMPILER_APPICON_NAME = AppIcon;
				ASSETCATALOG_COMPILER_GLOBAL_ACCENT_COLOR_NAME = AccentColor;
				CODE_SIGN_ENTITLEMENTS = Flocking/Flocking.entitlements;
				CODE_SIGN_STYLE = Automatic;
				COMBINE_HIDPI_IMAGES = YES;
				INFOPLIST_FILE = Flocking/Info.plist;
				LD_RUNPATH_SEARCH_PATHS = (
					"$(inherited)",
					"@executable_path/../Frameworks",
				);
				PRODUCT_BUNDLE_IDENTIFIER = com.teheranvalley.Flocking;
				PRODUCT_NAME = "$(TARGET_NAME)";
				SWIFT_VERSION = 5.0;
			};
			name = Debug;
		};
		457FEA6E26E3763300157AC4 /* Release */ = {
			isa = XCBuildConfiguration;
			buildSettings = {
				ASSETCATALOG_COMPILER_APPICON_NAME = AppIcon;
				ASSETCATALOG_COMPILER_GLOBAL_ACCENT_COLOR_NAME = AccentColor;
				CODE_SIGN_ENTITLEMENTS = Flocking/Flocking.entitlements;
				CODE_SIGN_STYLE = Automatic;
				COMBINE_HIDPI_IMAGES = YES;
				INFOPLIST_FILE = Flocking/Info.plist;
				LD_RUNPATH_SEARCH_PATHS = (
					"$(inherited)",
					"@executable_path/../Frameworks",
				);
				PRODUCT_BUNDLE_IDENTIFIER = com.teheranvalley.Flocking;
				PRODUCT_NAME = "$(TARGET_NAME)";
				SWIFT_VERSION = 5.0;
			};
			name = Release;
		};
/* End XCBuildConfiguration section */

/* Begin XCConfigurationList section */
		457FEA5126E3763200157AC4 /* Build configuration list for PBXProject "Flocking" */ = {
			isa = XCConfigurationList;
			buildConfigurations = (
				457FEA6A26E3763300157AC4 /* Debug */,
				457FEA6B26E3763300157AC4 /* Release */,
			);
			defaultConfigurationIsVisible = 0;
			defaultConfigurationName = Release;
		};
		457FEA6C26E3763300157AC4 /* Build configuration list for PBXNativeTarget "Flocking" */ = {
			isa = XCConfigurationList;
			buildConfigurations = (
				457FEA6D26E3763300157AC4 /* Debug */,
				457FEA6E26E3763300157AC4 /* Release */,
			);
			defaultConfigurationIsVisible = 0;
			defaultConfigurationName = Release;
		};
/* End XCConfigurationList section */

/* Begin XCRemoteSwiftPackageReference section */
		45F3E20926E4B87F00EB9779 /* XCRemoteSwiftPackageReference "Then" */ = {
			isa = XCRemoteSwiftPackageReference;
			repositoryURL = "https://github.com/devxoul/Then";
			requirement = {
				kind = upToNextMajorVersion;
				minimumVersion = 2.7.0;
			};
		};
/* End XCRemoteSwiftPackageReference section */

/* Begin XCSwiftPackageProductDependency section */
		45F3E20A26E4B87F00EB9779 /* Then */ = {
			isa = XCSwiftPackageProductDependency;
			package = 45F3E20926E4B87F00EB9779 /* XCRemoteSwiftPackageReference "Then" */;
			productName = Then;
		};
/* End XCSwiftPackageProductDependency section */
	};
	rootObject = 457FEA4E26E3763200157AC4 /* Project object */;
}
